{
  "name": "mental-poker-toolkit",
  "lockfileVersion": 2,
  "requires": true,
  "packages": {
    "": {
      "name": "mental-poker-toolkit",
      "license": "MIT",
      "workspaces": [
        "packages/*"
      ]
    },
    "node_modules/@mental-poker-toolkit/cryptography": {
      "resolved": "packages/cryptography",
      "link": true
    },
    "node_modules/@mental-poker-toolkit/fluid-client": {
      "resolved": "packages/fluid-client",
      "link": true
    },
    "node_modules/@mental-poker-toolkit/types": {
      "resolved": "packages/types",
      "link": true
    },
    "node_modules/base64-arraybuffer": {
      "version": "1.0.2",
      "resolved": "https://registry.npmjs.org/base64-arraybuffer/-/base64-arraybuffer-1.0.2.tgz",
      "integrity": "sha512-I3yl4r9QB5ZRY3XuJVEPfc2XhZO6YweFPI+UovAzn+8/hb3oJ6lnysaFcjVpkCPfVWFUDvoZ8kmVDP7WyRtYtQ==",
      "engines": {
        "node": ">= 0.6.0"
      }
    },
    "node_modules/typescript": {
      "version": "4.8.4",
      "resolved": "https://registry.npmjs.org/typescript/-/typescript-4.8.4.tgz",
      "integrity": "sha512-QCh+85mCy+h0IGff8r5XWzOVSbBO+KfeYrMQh7NJ58QujwcE22u+NUSmUxqF+un70P9GXKxa2HCNiTTMJknyjQ==",
      "dev": true,
      "bin": {
        "tsc": "bin/tsc",
        "tsserver": "bin/tsserver"
      },
      "engines": {
        "node": ">=4.2.0"
      }
    },
    "packages/cryptography": {
      "name": "@mental-poker-toolkit/cryptography",
      "version": "0.0.1",
      "license": "MIT",
      "dependencies": {
        "base64-arraybuffer": "^1.0.2"
      },
      "devDependencies": {
        "typescript": "^4.8.4"
      }
    },
    "packages/fluid-client": {
      "name": "@mental-poker-toolkit/fluid-client",
      "version": "0.0.1",
      "license": "MIT",
      "devDependencies": {
        "typescript": "^4.8.4"
      }
    },
    "packages/types": {
      "name": "@mental-poker-toolkit/types",
      "version": "0.0.1",
      "license": "MIT",
      "devDependencies": {
        "typescript": "^4.8.4"
      }
    }
  },
  "dependencies": {
    "@mental-poker-toolkit/cryptography": {
      "version": "file:packages/cryptography",
      "requires": {
        "base64-arraybuffer": "^1.0.2",
        "typescript": "^4.8.4"
      }
    },
    "@mental-poker-toolkit/fluid-client": {
      "version": "file:packages/fluid-client",
      "requires": {
        "typescript": "^4.8.4"
      }
    },
    "@mental-poker-toolkit/types": {
      "version": "file:packages/types",
      "requires": {
        "typescript": "^4.8.4"
      }
    },
    "base64-arraybuffer": {
      "version": "1.0.2",
      "resolved": "https://registry.npmjs.org/base64-arraybuffer/-/base64-arraybuffer-1.0.2.tgz",
      "integrity": "sha512-I3yl4r9QB5ZRY3XuJVEPfc2XhZO6YweFPI+UovAzn+8/hb3oJ6lnysaFcjVpkCPfVWFUDvoZ8kmVDP7WyRtYtQ=="
    },
    "typescript": {
      "version": "4.8.4",
      "resolved": "https://registry.npmjs.org/typescript/-/typescript-4.8.4.tgz",
      "integrity": "sha512-QCh+85mCy+h0IGff8r5XWzOVSbBO+KfeYrMQh7NJ58QujwcE22u+NUSmUxqF+un70P9GXKxa2HCNiTTMJknyjQ==",
      "dev": true
    }
  }
}
