{
  "name": "mental-poker-toolkit",
  "lockfileVersion": 2,
  "requires": true,
  "packages": {
    "": {
      "name": "mental-poker-toolkit",
      "license": "MIT",
      "workspaces": [
        "packages/*"
      ]
    },
    "node_modules/@mental-poker-toolkit/cryptography": {
      "resolved": "packages/cryptography",
      "link": true
    },
    "node_modules/typescript": {
      "version": "4.8.4",
      "resolved": "https://registry.npmjs.org/typescript/-/typescript-4.8.4.tgz",
      "integrity": "sha512-QCh+85mCy+h0IGff8r5XWzOVSbBO+KfeYrMQh7NJ58QujwcE22u+NUSmUxqF+un70P9GXKxa2HCNiTTMJknyjQ==",
      "dev": true,
      "bin": {
        "tsc": "bin/tsc",
        "tsserver": "bin/tsserver"
      },
      "engines": {
        "node": ">=4.2.0"
      }
    },
    "packages/cryptography": {
      "name": "@mental-poker-toolkit/cryptography",
      "version": "0.0.1",
      "license": "MIT",
      "devDependencies": {
        "typescript": "^4.8.4"
      }
    }
  },
  "dependencies": {
    "@mental-poker-toolkit/cryptography": {
      "version": "file:packages/cryptography",
      "requires": {
        "typescript": "*"
      }
    },
    "typescript": {
      "version": "4.8.4",
      "resolved": "https://registry.npmjs.org/typescript/-/typescript-4.8.4.tgz",
      "integrity": "sha512-QCh+85mCy+h0IGff8r5XWzOVSbBO+KfeYrMQh7NJ58QujwcE22u+NUSmUxqF+un70P9GXKxa2HCNiTTMJknyjQ==",
      "dev": true
    }
  }
}
